<?xml version="1.0" encoding="utf-8"?>
<Project ToolsVersion="4.0" xmlns="http://schemas.microsoft.com/developer/msbuild/2003">
  <ItemGroup>
    <Filter Include="win32">
      <UniqueIdentifier>{84a8ebd7-7cf0-47f6-b75e-d441df67da40}</UniqueIdentifier>
    </Filter>
    <Filter Include="resource">
      <UniqueIdentifier>{715254bc-d70b-4ec5-bf29-467dd3ace079}</UniqueIdentifier>
    </Filter>
    <Filter Include="src">
      <UniqueIdentifier>{bb6c862e-70e9-49d9-81b7-3829a6f50471}</UniqueIdentifier>
    </Filter>
  </ItemGroup>
  <ItemGroup>
    <ClCompile Include="main.cpp">
      <Filter>win32</Filter>
    </ClCompile>
    <ClCompile Include="..\Classes\Audio\AudioController.cpp">
      <Filter>src</Filter>
    </ClCompile>
    <ClCompile Include="..\Classes\Audio\AudioModel.cpp">
      <Filter>src</Filter>
    </ClCompile>
    <ClCompile Include="..\Classes\Audio\PitchAudioEvent.cpp">
      <Filter>src</Filter>
    </ClCompile>
    <ClCompile Include="..\Classes\Audio\PitchBGMEvent.cpp">
      <Filter>src</Filter>
    </ClCompile>
    <ClCompile Include="..\Classes\Audio\PlayAudioEvent.cpp">
      <Filter>src</Filter>
    </ClCompile>
    <ClCompile Include="..\Classes\Audio\PlayBGMEvent.cpp">
      <Filter>src</Filter>
    </ClCompile>
    <ClCompile Include="..\Classes\Audio\SetAudioListenerPositionEvent.cpp">
      <Filter>src</Filter>
    </ClCompile>
    <ClCompile Include="..\Classes\Audio\StopAudioEvent.cpp">
      <Filter>src</Filter>
    </ClCompile>
    <ClCompile Include="..\Classes\Audio\StopBGMEvent.cpp">
      <Filter>src</Filter>
    </ClCompile>
    <ClCompile Include="..\Classes\Audio\ToggleMuteBGMEvent.cpp">
      <Filter>src</Filter>
    </ClCompile>
    <ClCompile Include="..\Classes\Core\Dispatcher.cpp">
      <Filter>src</Filter>
    </ClCompile>
    <ClCompile Include="..\Classes\Core\Event.cpp">
      <Filter>src</Filter>
    </ClCompile>
    <ClCompile Include="..\Classes\Core\Injector.cpp">
      <Filter>src</Filter>
    </ClCompile>
    <ClCompile Include="..\Classes\Core\Timer.cpp">
      <Filter>src</Filter>
    </ClCompile>
    <ClCompile Include="..\Classes\Game\Client\BackButtonPressedEvent.cpp">
      <Filter>src</Filter>
    </ClCompile>
    <ClCompile Include="..\Classes\Game\Client\CameraController.cpp">
      <Filter>src</Filter>
    </ClCompile>
    <ClCompile Include="..\Classes\Game\Client\CameraModel.cpp">
      <Filter>src</Filter>
    </ClCompile>
    <ClCompile Include="..\Classes\Game\Client\ClientController.cpp">
      <Filter>src</Filter>
    </ClCompile>
    <ClCompile Include="..\Classes\Game\Client\ClientModel.cpp">
      <Filter>src</Filter>
    </ClCompile>
    <ClCompile Include="..\Classes\Game\Client\CrosshairView.cpp">
      <Filter>src</Filter>
    </ClCompile>
    <ClCompile Include="..\Classes\Game\Client\EntityView.cpp">
      <Filter>src</Filter>
    </ClCompile>
    <ClCompile Include="..\Classes\Game\Client\GameScene.cpp">
      <Filter>src</Filter>
    </ClCompile>
    <ClCompile Include="..\Classes\Game\Client\GameView.cpp">
      <Filter>src</Filter>
    </ClCompile>
    <ClCompile Include="..\Classes\Game\Client\GameViewController.cpp">
      <Filter>src</Filter>
    </ClCompile>
    <ClCompile Include="..\Classes\Game\Client\HUD\HUDHelper.cpp">
      <Filter>src</Filter>
    </ClCompile>
    <ClCompile Include="..\Classes\Game\Client\HUD\HUDView.cpp">
      <Filter>src</Filter>
    </ClCompile>
    <ClCompile Include="..\Classes\Game\Client\HUD\HUDWeapon.cpp">
      <Filter>src</Filter>
    </ClCompile>
    <ClCompile Include="..\Classes\Game\Client\HUD\SettingCell.cpp">
      <Filter>src</Filter>
    </ClCompile>
    <ClCompile Include="..\Classes\Game\Client\HUD\SettingsView.cpp">
      <Filter>src</Filter>
    </ClCompile>
    <ClCompile Include="..\Classes\Game\Client\InitClientCommand.cpp">
      <Filter>src</Filter>
    </ClCompile>
    <ClCompile Include="..\Classes\Game\Client\InitGameCommand.cpp">
      <Filter>src</Filter>
    </ClCompile>
    <ClCompile Include="..\Classes\Game\Client\InitLocalServerCommand.cpp">
      <Filter>src</Filter>
    </ClCompile>
    <ClCompile Include="..\Classes\Game\Client\InitServerCommand.cpp">
      <Filter>src</Filter>
    </ClCompile>
    <ClCompile Include="..\Classes\Game\Client\InputController.cpp">
      <Filter>src</Filter>
    </ClCompile>
    <ClCompile Include="..\Classes\Game\Client\InputModel.cpp">
      <Filter>src</Filter>
    </ClCompile>
    <ClCompile Include="..\Classes\Game\Client\InventoryLayer.cpp">
      <Filter>src</Filter>
    </ClCompile>
    <ClCompile Include="..\Classes\Game\Client\KillFeed.cpp">
      <Filter>src</Filter>
    </ClCompile>
    <ClCompile Include="..\Classes\Game\Client\LevelView.cpp">
      <Filter>src</Filter>
    </ClCompile>
    <ClCompile Include="..\Classes\Game\Client\MainMenu\BackToMainMenuEvent.cpp">
      <Filter>src</Filter>
    </ClCompile>
    <ClCompile Include="..\Classes\Game\Client\MainMenu\InitMainMenuCommand.cpp">
      <Filter>src</Filter>
    </ClCompile>
    <ClCompile Include="..\Classes\Game\Client\MainMenu\MainMenuController.cpp">
      <Filter>src</Filter>
    </ClCompile>
    <ClCompile Include="..\Classes\Game\Client\MainMenu\MainMenuView.cpp">
      <Filter>src</Filter>
    </ClCompile>
    <ClCompile Include="..\Classes\Game\Client\ParticlesController.cpp">
      <Filter>src</Filter>
    </ClCompile>
    <ClCompile Include="..\Classes\Game\Client\Pseudo3DItem.cpp">
      <Filter>src</Filter>
    </ClCompile>
    <ClCompile Include="..\Classes\Game\Client\Pseudo3DParticle.cpp">
      <Filter>src</Filter>
    </ClCompile>
    <ClCompile Include="..\Classes\Game\Client\Pseudo3DSprite.cpp">
      <Filter>src</Filter>
    </ClCompile>
    <ClCompile Include="..\Classes\Game\Client\ReplayEditor\EntityInfoView.cpp">
      <Filter>src</Filter>
    </ClCompile>
    <ClCompile Include="..\Classes\Game\Client\ReplayEditor\InitReplayEditorCommand.cpp">
      <Filter>src</Filter>
    </ClCompile>
    <ClCompile Include="..\Classes\Game\Client\ReplayEditor\ReplayEditorController.cpp">
      <Filter>src</Filter>
    </ClCompile>
    <ClCompile Include="..\Classes\Game\Client\ReplayEditor\ReplayEditorScene.cpp">
      <Filter>src</Filter>
    </ClCompile>
    <ClCompile Include="..\Classes\Game\Client\ReplayEditor\ReplayEditorView.cpp">
      <Filter>src</Filter>
    </ClCompile>
    <ClCompile Include="..\Classes\Game\Client\ReplayEditor\TimeLineView.cpp">
      <Filter>src</Filter>
    </ClCompile>
    <ClCompile Include="..\Classes\Game\Client\ReplayModel.cpp">
      <Filter>src</Filter>
    </ClCompile>
    <ClCompile Include="..\Classes\Game\Client\ShootToContinueLayer.cpp">
      <Filter>src</Filter>
    </ClCompile>
    <ClCompile Include="..\Classes\Game\Client\ShowInventoryEvent.cpp">
      <Filter>src</Filter>
    </ClCompile>
    <ClCompile Include="..\Classes\Game\Client\SnapshotModel.cpp">
      <Filter>src</Filter>
    </ClCompile>
    <ClCompile Include="..\Classes\Game\Client\SpawnParticlesEvent.cpp">
      <Filter>src</Filter>
    </ClCompile>
    <ClCompile Include="..\Classes\Game\Client\SpawnTextBlimpEvent.cpp">
      <Filter>src</Filter>
    </ClCompile>
    <ClCompile Include="..\Classes\Game\Client\ToggleClientPredictionEvent.cpp">
      <Filter>src</Filter>
    </ClCompile>
    <ClCompile Include="..\Classes\Game\Client\ToggleInventoryEvent.cpp">
      <Filter>src</Filter>
    </ClCompile>
    <ClCompile Include="..\Classes\Game\Client\TogglePhysicsDebugEvent.cpp">
      <Filter>src</Filter>
    </ClCompile>
    <ClCompile Include="..\Classes\Game\Client\ToggleSlowMotionEvent.cpp">
      <Filter>src</Filter>
    </ClCompile>
    <ClCompile Include="..\Classes\Game\Server\BaseAI.cpp">
      <Filter>src</Filter>
    </ClCompile>
    <ClCompile Include="..\Classes\Game\Server\EntitiesController.cpp">
      <Filter>src</Filter>
    </ClCompile>
    <ClCompile Include="..\Classes\Game\Server\EntitiesModel.cpp">
      <Filter>src</Filter>
    </ClCompile>
    <ClCompile Include="..\Classes\Game\Server\Entity.cpp">
      <Filter>src</Filter>
    </ClCompile>
    <ClCompile Include="..\Classes\Game\Server\Explosion.cpp">
      <Filter>src</Filter>
    </ClCompile>
    <ClCompile Include="..\Classes\Game\Server\FrameCache.cpp">
      <Filter>src</Filter>
    </ClCompile>
    <ClCompile Include="..\Classes\Game\Server\GameController.cpp">
      <Filter>src</Filter>
    </ClCompile>
    <ClCompile Include="..\Classes\Game\Server\GameMode.cpp">
      <Filter>src</Filter>
    </ClCompile>
    <ClCompile Include="..\Classes\Game\Server\GameModeBR.cpp">
      <Filter>src</Filter>
    </ClCompile>
    <ClCompile Include="..\Classes\Game\Server\GameModeDM.cpp">
      <Filter>src</Filter>
    </ClCompile>
    <ClCompile Include="..\Classes\Game\Server\InputCache.cpp">
      <Filter>src</Filter>
    </ClCompile>
    <ClCompile Include="..\Classes\Game\Server\Item.cpp">
      <Filter>src</Filter>
    </ClCompile>
    <ClCompile Include="..\Classes\Game\Server\LootBox.cpp">
      <Filter>src</Filter>
    </ClCompile>
    <ClCompile Include="..\Classes\Game\Server\Player.cpp">
      <Filter>src</Filter>
    </ClCompile>
    <ClCompile Include="..\Classes\Game\Server\Projectile.cpp">
      <Filter>src</Filter>
    </ClCompile>
    <ClCompile Include="..\Classes\Game\Server\ServerController.cpp">
      <Filter>src</Filter>
    </ClCompile>
    <ClCompile Include="..\Classes\Game\Shared\EntityDataModel.cpp">
      <Filter>src</Filter>
    </ClCompile>
    <ClCompile Include="..\Classes\Game\Shared\GameModel.cpp">
      <Filter>src</Filter>
    </ClCompile>
    <ClCompile Include="..\Classes\Game\Shared\GameSettings.cpp">
      <Filter>src</Filter>
    </ClCompile>
    <ClCompile Include="..\Classes\Game\Shared\LevelModel.cpp">
      <Filter>src</Filter>
    </ClCompile>
    <ClCompile Include="..\Classes\Game\Shared\LoadLevelCommand.cpp">
      <Filter>src</Filter>
    </ClCompile>
    <ClCompile Include="..\Classes\Game\Shared\LoadStaticEntityDataCommand.cpp">
      <Filter>src</Filter>
    </ClCompile>
    <ClCompile Include="..\Classes\Game\Shared\MovementIntegrator.cpp">
      <Filter>src</Filter>
    </ClCompile>
    <ClCompile Include="..\Classes\Game\Shared\PlayerLogic.cpp">
      <Filter>src</Filter>
    </ClCompile>
    <ClCompile Include="..\Classes\Lighting\AddLightEvent.cpp">
      <Filter>src</Filter>
    </ClCompile>
    <ClCompile Include="..\Classes\Lighting\LightController.cpp">
      <Filter>src</Filter>
    </ClCompile>
    <ClCompile Include="..\Classes\Lighting\LightModel.cpp">
      <Filter>src</Filter>
    </ClCompile>
    <ClCompile Include="..\Classes\Lighting\RemoveLightEvent.cpp">
      <Filter>src</Filter>
    </ClCompile>
    <ClCompile Include="..\Classes\Network\DrudgeNet\src\Beacon.cpp">
      <Filter>src</Filter>
    </ClCompile>
    <ClCompile Include="..\Classes\Network\DrudgeNet\src\BitPacker.cpp">
      <Filter>src</Filter>
    </ClCompile>
    <ClCompile Include="..\Classes\Network\DrudgeNet\src\ChannelUnreliable.cpp">
      <Filter>src</Filter>
    </ClCompile>
    <ClCompile Include="..\Classes\Network\DrudgeNet\src\Connection.cpp">
      <Filter>src</Filter>
    </ClCompile>
    <ClCompile Include="..\Classes\Network\DrudgeNet\src\DrudgeNet.cpp">
      <Filter>src</Filter>
    </ClCompile>
    <ClCompile Include="..\Classes\Network\DrudgeNet\src\FlowControl.cpp">
      <Filter>src</Filter>
    </ClCompile>
    <ClCompile Include="..\Classes\Network\DrudgeNet\src\FragmentBuffer.cpp">
      <Filter>src</Filter>
    </ClCompile>
    <ClCompile Include="..\Classes\Network\DrudgeNet\src\Listener.cpp">
      <Filter>src</Filter>
    </ClCompile>
    <ClCompile Include="..\Classes\Network\DrudgeNet\src\MasterServerConnection.cpp">
      <Filter>src</Filter>
    </ClCompile>
    <ClCompile Include="..\Classes\Network\DrudgeNet\src\MeasureStream.cpp">
      <Filter>src</Filter>
    </ClCompile>
    <ClCompile Include="..\Classes\Network\DrudgeNet\src\Mesh.cpp">
      <Filter>src</Filter>
    </ClCompile>
    <ClCompile Include="..\Classes\Network\DrudgeNet\src\MessageQueue.cpp">
      <Filter>src</Filter>
    </ClCompile>
    <ClCompile Include="..\Classes\Network\DrudgeNet\src\Node.cpp">
      <Filter>src</Filter>
    </ClCompile>
    <ClCompile Include="..\Classes\Network\DrudgeNet\src\ReadStream.cpp">
      <Filter>src</Filter>
    </ClCompile>
    <ClCompile Include="..\Classes\Network\DrudgeNet\src\ReliabilitySystem.cpp">
      <Filter>src</Filter>
    </ClCompile>
    <ClCompile Include="..\Classes\Network\DrudgeNet\src\ReliableConnection.cpp">
      <Filter>src</Filter>
    </ClCompile>
    <ClCompile Include="..\Classes\Network\DrudgeNet\src\Socket.cpp">
      <Filter>src</Filter>
    </ClCompile>
    <ClCompile Include="..\Classes\Network\DrudgeNet\src\Stream.cpp">
      <Filter>src</Filter>
    </ClCompile>
    <ClCompile Include="..\Classes\Network\DrudgeNet\src\TransportIP.cpp">
      <Filter>src</Filter>
    </ClCompile>
    <ClCompile Include="..\Classes\Network\DrudgeNet\src\TransportLAN.cpp">
      <Filter>src</Filter>
    </ClCompile>
    <ClCompile Include="..\Classes\Network\DrudgeNet\src\WriteStream.cpp">
      <Filter>src</Filter>
    </ClCompile>
    <ClCompile Include="..\Classes\Network\FakeNet.cpp">
      <Filter>src</Filter>
    </ClCompile>
    <ClCompile Include="..\Classes\Network\FakeNetworkController.cpp">
      <Filter>src</Filter>
    </ClCompile>
    <ClCompile Include="..\Classes\Network\InitNetworkClientCommand.cpp">
      <Filter>src</Filter>
    </ClCompile>
    <ClCompile Include="..\Classes\Network\InitNetworkHostCommand.cpp">
      <Filter>src</Filter>
    </ClCompile>
    <ClCompile Include="..\Classes\Network\NetworkChatView.cpp">
      <Filter>src</Filter>
    </ClCompile>
    <ClCompile Include="..\Classes\Network\NetworkClientHostCell.cpp">
      <Filter>src</Filter>
    </ClCompile>
    <ClCompile Include="..\Classes\Network\NetworkClientView.cpp">
      <Filter>src</Filter>
    </ClCompile>
    <ClCompile Include="..\Classes\Network\NetworkClientViewController.cpp">
      <Filter>src</Filter>
    </ClCompile>
    <ClCompile Include="..\Classes\Network\NetworkController.cpp">
      <Filter>src</Filter>
    </ClCompile>
    <ClCompile Include="..\Classes\Network\NetworkHostClientCell.cpp">
      <Filter>src</Filter>
    </ClCompile>
    <ClCompile Include="..\Classes\Network\NetworkHostGameLevelCell.cpp">
      <Filter>src</Filter>
    </ClCompile>
    <ClCompile Include="..\Classes\Network\NetworkHostGameModeCell.cpp">
      <Filter>src</Filter>
    </ClCompile>
    <ClCompile Include="..\Classes\Network\NetworkHostView.cpp">
      <Filter>src</Filter>
    </ClCompile>
    <ClCompile Include="..\Classes\Network\NetworkHostViewController.cpp">
      <Filter>src</Filter>
    </ClCompile>
    <ClCompile Include="..\Classes\Network\NetworkMessageFactory.cpp">
      <Filter>src</Filter>
    </ClCompile>
    <ClCompile Include="..\Classes\Network\NetworkModel.cpp">
      <Filter>src</Filter>
    </ClCompile>
    <ClCompile Include="..\Classes\Network\NetworkView.cpp">
      <Filter>src</Filter>
    </ClCompile>
    <ClCompile Include="..\Classes\Utils\ActionUtils.cpp">
      <Filter>src</Filter>
    </ClCompile>
    <ClCompile Include="..\Classes\Utils\ButtonUtils.cpp">
      <Filter>src</Filter>
    </ClCompile>
    <ClCompile Include="..\Classes\Utils\CollisionUtils.cpp">
      <Filter>src</Filter>
    </ClCompile>
    <ClCompile Include="..\Classes\Utils\FollowNode.cpp">
      <Filter>src</Filter>
    </ClCompile>
    <ClCompile Include="..\Classes\Utils\GameTableView.cpp">
      <Filter>src</Filter>
    </ClCompile>
    <ClCompile Include="..\Classes\Utils\RaycastUtil.cpp">
      <Filter>src</Filter>
    </ClCompile>
    <ClCompile Include="..\Classes\AppDelegate.cpp">
      <Filter>src</Filter>
    </ClCompile>
  </ItemGroup>
  <ItemGroup>
    <ClInclude Include="main.h">
      <Filter>win32</Filter>
    </ClInclude>
    <ClInclude Include="..\Classes\AppDelegate.h">
      <Filter>src</Filter>
    </ClInclude>
    <ClInclude Include="..\Classes\Audio\AudioController.h">
      <Filter>src</Filter>
    </ClInclude>
    <ClInclude Include="..\Classes\Audio\AudioModel.h">
      <Filter>src</Filter>
    </ClInclude>
    <ClInclude Include="..\Classes\Audio\PitchAudioEvent.h">
      <Filter>src</Filter>
    </ClInclude>
    <ClInclude Include="..\Classes\Audio\PitchBGMEvent.h">
      <Filter>src</Filter>
    </ClInclude>
    <ClInclude Include="..\Classes\Audio\PlayAudioEvent.h">
      <Filter>src</Filter>
    </ClInclude>
    <ClInclude Include="..\Classes\Audio\PlayBGMEvent.h">
      <Filter>src</Filter>
    </ClInclude>
    <ClInclude Include="..\Classes\Audio\SetAudioListenerPositionEvent.h">
      <Filter>src</Filter>
    </ClInclude>
    <ClInclude Include="..\Classes\Audio\StopAudioEvent.h">
      <Filter>src</Filter>
    </ClInclude>
    <ClInclude Include="..\Classes\Audio\StopBGMEvent.h">
      <Filter>src</Filter>
    </ClInclude>
    <ClInclude Include="..\Classes\Audio\ToggleMuteBGMEvent.h">
      <Filter>src</Filter>
    </ClInclude>
    <ClInclude Include="..\Classes\Core\Command.h">
      <Filter>src</Filter>
    </ClInclude>
    <ClInclude Include="..\Classes\Core\Dispatcher.h">
      <Filter>src</Filter>
    </ClInclude>
    <ClInclude Include="..\Classes\Core\Event.h">
      <Filter>src</Filter>
    </ClInclude>
    <ClInclude Include="..\Classes\Core\Injector.h">
      <Filter>src</Filter>
    </ClInclude>
    <ClInclude Include="..\Classes\Core\Timer.h">
      <Filter>src</Filter>
    </ClInclude>
    <ClInclude Include="..\Classes\Game\Client\BackButtonPressedEvent.h">
      <Filter>src</Filter>
    </ClInclude>
    <ClInclude Include="..\Classes\Game\Client\CameraController.h">
      <Filter>src</Filter>
    </ClInclude>
    <ClInclude Include="..\Classes\Game\Client\CameraModel.h">
      <Filter>src</Filter>
    </ClInclude>
    <ClInclude Include="..\Classes\Game\Client\ClientController.h">
      <Filter>src</Filter>
    </ClInclude>
    <ClInclude Include="..\Classes\Game\Client\ClientModel.h">
      <Filter>src</Filter>
    </ClInclude>
    <ClInclude Include="..\Classes\Game\Client\CrosshairView.h">
      <Filter>src</Filter>
    </ClInclude>
    <ClInclude Include="..\Classes\Game\Client\EntityView.h">
      <Filter>src</Filter>
    </ClInclude>
    <ClInclude Include="..\Classes\Game\Client\GameScene.h">
      <Filter>src</Filter>
    </ClInclude>
    <ClInclude Include="..\Classes\Game\Client\GameView.h">
      <Filter>src</Filter>
    </ClInclude>
    <ClInclude Include="..\Classes\Game\Client\GameViewConstants.h">
      <Filter>src</Filter>
    </ClInclude>
    <ClInclude Include="..\Classes\Game\Client\GameViewController.h">
      <Filter>src</Filter>
    </ClInclude>
    <ClInclude Include="..\Classes\Game\Client\HideInventoryEvent.h">
      <Filter>src</Filter>
    </ClInclude>
    <ClInclude Include="..\Classes\Game\Client\HUD\HUDConstants.h">
      <Filter>src</Filter>
    </ClInclude>
    <ClInclude Include="..\Classes\Game\Client\HUD\HUDHelper.h">
      <Filter>src</Filter>
    </ClInclude>
    <ClInclude Include="..\Classes\Game\Client\HUD\HUDView.h">
      <Filter>src</Filter>
    </ClInclude>
    <ClInclude Include="..\Classes\Game\Client\HUD\HUDWeapon.h">
      <Filter>src</Filter>
    </ClInclude>
    <ClInclude Include="..\Classes\Game\Client\HUD\SettingCell.h">
      <Filter>src</Filter>
    </ClInclude>
    <ClInclude Include="..\Classes\Game\Client\HUD\SettingsView.h">
      <Filter>src</Filter>
    </ClInclude>
    <ClInclude Include="..\Classes\Game\Client\InitClientCommand.h">
      <Filter>src</Filter>
    </ClInclude>
    <ClInclude Include="..\Classes\Game\Client\InitGameCommand.h">
      <Filter>src</Filter>
    </ClInclude>
    <ClInclude Include="..\Classes\Game\Client\InitLocalServerCommand.h">
      <Filter>src</Filter>
    </ClInclude>
    <ClInclude Include="..\Classes\Game\Client\InitServerCommand.h">
      <Filter>src</Filter>
    </ClInclude>
    <ClInclude Include="..\Classes\Game\Client\InputController.h">
      <Filter>src</Filter>
    </ClInclude>
    <ClInclude Include="..\Classes\Game\Client\InputModel.h">
      <Filter>src</Filter>
    </ClInclude>
    <ClInclude Include="..\Classes\Game\Client\InventoryLayer.h">
      <Filter>src</Filter>
    </ClInclude>
    <ClInclude Include="..\Classes\Game\Client\KillFeed.h">
      <Filter>src</Filter>
    </ClInclude>
    <ClInclude Include="..\Classes\Game\Client\LevelView.h">
      <Filter>src</Filter>
    </ClInclude>
    <ClInclude Include="..\Classes\Game\Client\MainMenu\BackToMainMenuEvent.h">
      <Filter>src</Filter>
    </ClInclude>
    <ClInclude Include="..\Classes\Game\Client\MainMenu\InitMainMenuCommand.h">
      <Filter>src</Filter>
    </ClInclude>
    <ClInclude Include="..\Classes\Game\Client\MainMenu\MainMenuController.h">
      <Filter>src</Filter>
    </ClInclude>
    <ClInclude Include="..\Classes\Game\Client\MainMenu\MainMenuView.h">
      <Filter>src</Filter>
    </ClInclude>
    <ClInclude Include="..\Classes\Game\Client\ParticleConstants.h">
      <Filter>src</Filter>
    </ClInclude>
    <ClInclude Include="..\Classes\Game\Client\ParticlesController.h">
      <Filter>src</Filter>
    </ClInclude>
    <ClInclude Include="..\Classes\Game\Client\Pseudo3DItem.h">
      <Filter>src</Filter>
    </ClInclude>
    <ClInclude Include="..\Classes\Game\Client\Pseudo3DParticle.h">
      <Filter>src</Filter>
    </ClInclude>
    <ClInclude Include="..\Classes\Game\Client\Pseudo3DSprite.h">
      <Filter>src</Filter>
    </ClInclude>
    <ClInclude Include="..\Classes\Game\Client\ReplayEditor\EntityInfoView.h">
      <Filter>src</Filter>
    </ClInclude>
    <ClInclude Include="..\Classes\Game\Client\ReplayEditor\InitReplayEditorCommand.h">
      <Filter>src</Filter>
    </ClInclude>
    <ClInclude Include="..\Classes\Game\Client\ReplayEditor\ReplayEditorController.h">
      <Filter>src</Filter>
    </ClInclude>
    <ClInclude Include="..\Classes\Game\Client\ReplayEditor\ReplayEditorScene.h">
      <Filter>src</Filter>
    </ClInclude>
    <ClInclude Include="..\Classes\Game\Client\ReplayEditor\ReplayEditorView.h">
      <Filter>src</Filter>
    </ClInclude>
    <ClInclude Include="..\Classes\Game\Client\ReplayEditor\TimeLineView.h">
      <Filter>src</Filter>
    </ClInclude>
    <ClInclude Include="..\Classes\Game\Client\ReplayModel.h">
      <Filter>src</Filter>
    </ClInclude>
    <ClInclude Include="..\Classes\Game\Client\ShootToContinueLayer.h">
      <Filter>src</Filter>
    </ClInclude>
    <ClInclude Include="..\Classes\Game\Client\ShowInventoryEvent.h">
      <Filter>src</Filter>
    </ClInclude>
    <ClInclude Include="..\Classes\Game\Client\SnapshotModel.h">
      <Filter>src</Filter>
    </ClInclude>
    <ClInclude Include="..\Classes\Game\Client\SpawnParticlesEvent.h">
      <Filter>src</Filter>
    </ClInclude>
    <ClInclude Include="..\Classes\Game\Client\SpawnTextBlimpEvent.h">
      <Filter>src</Filter>
    </ClInclude>
    <ClInclude Include="..\Classes\Game\Client\ToggleClientPredictionEvent.h">
      <Filter>src</Filter>
    </ClInclude>
    <ClInclude Include="..\Classes\Game\Client\ToggleInventoryEvent.h">
      <Filter>src</Filter>
    </ClInclude>
    <ClInclude Include="..\Classes\Game\Client\TogglePhysicsDebugEvent.h">
      <Filter>src</Filter>
    </ClInclude>
    <ClInclude Include="..\Classes\Game\Client\ToggleSlowMotionEvent.h">
      <Filter>src</Filter>
    </ClInclude>
    <ClInclude Include="..\Classes\Game\Client\ViewLayer.h">
      <Filter>src</Filter>
    </ClInclude>
    <ClInclude Include="..\Classes\Game\Server\BaseAI.h">
      <Filter>src</Filter>
    </ClInclude>
    <ClInclude Include="..\Classes\Game\Server\EntitiesController.h">
      <Filter>src</Filter>
    </ClInclude>
    <ClInclude Include="..\Classes\Game\Server\EntitiesModel.h">
      <Filter>src</Filter>
    </ClInclude>
    <ClInclude Include="..\Classes\Game\Server\Entity.h">
      <Filter>src</Filter>
    </ClInclude>
    <ClInclude Include="..\Classes\Game\Server\Explosion.h">
      <Filter>src</Filter>
    </ClInclude>
    <ClInclude Include="..\Classes\Game\Server\FrameCache.h">
      <Filter>src</Filter>
    </ClInclude>
    <ClInclude Include="..\Classes\Game\Server\GameController.h">
      <Filter>src</Filter>
    </ClInclude>
    <ClInclude Include="..\Classes\Game\Server\GameMode.h">
      <Filter>src</Filter>
    </ClInclude>
    <ClInclude Include="..\Classes\Game\Server\GameModeBR.h">
      <Filter>src</Filter>
    </ClInclude>
    <ClInclude Include="..\Classes\Game\Server\GameModeDM.h">
      <Filter>src</Filter>
    </ClInclude>
    <ClInclude Include="..\Classes\Game\Server\InputCache.h">
      <Filter>src</Filter>
    </ClInclude>
    <ClInclude Include="..\Classes\Game\Server\Item.h">
      <Filter>src</Filter>
    </ClInclude>
    <ClInclude Include="..\Classes\Game\Server\LootBox.h">
      <Filter>src</Filter>
    </ClInclude>
    <ClInclude Include="..\Classes\Game\Server\Player.h">
      <Filter>src</Filter>
    </ClInclude>
    <ClInclude Include="..\Classes\Game\Server\Projectile.h">
      <Filter>src</Filter>
    </ClInclude>
    <ClInclude Include="..\Classes\Game\Server\ServerController.h">
      <Filter>src</Filter>
    </ClInclude>
    <ClInclude Include="..\Classes\Game\Shared\EntityConstants.h">
      <Filter>src</Filter>
    </ClInclude>
    <ClInclude Include="..\Classes\Game\Shared\EntityDataModel.h">
      <Filter>src</Filter>
    </ClInclude>
    <ClInclude Include="..\Classes\Game\Shared\GameModel.h">
      <Filter>src</Filter>
    </ClInclude>
    <ClInclude Include="..\Classes\Game\Shared\GameSettings.h">
      <Filter>src</Filter>
    </ClInclude>
    <ClInclude Include="..\Classes\Game\Shared\LevelModel.h">
      <Filter>src</Filter>
    </ClInclude>
    <ClInclude Include="..\Classes\Game\Shared\LoadLevelCommand.h">
      <Filter>src</Filter>
    </ClInclude>
    <ClInclude Include="..\Classes\Game\Shared\LoadStaticEntityDataCommand.h">
      <Filter>src</Filter>
    </ClInclude>
    <ClInclude Include="..\Classes\Game\Shared\MovementIntegrator.h">
      <Filter>src</Filter>
    </ClInclude>
    <ClInclude Include="..\Classes\Game\Shared\PlayerLogic.h">
      <Filter>src</Filter>
    </ClInclude>
    <ClInclude Include="..\Classes\Game\Shared\SharedConstants.h">
      <Filter>src</Filter>
    </ClInclude>
    <ClInclude Include="..\Classes\Game\Shared\WeaponConstants.h">
      <Filter>src</Filter>
    </ClInclude>
    <ClInclude Include="..\Classes\Lighting\AddLightEvent.h">
      <Filter>src</Filter>
    </ClInclude>
    <ClInclude Include="..\Classes\Lighting\LightConstants.h">
      <Filter>src</Filter>
    </ClInclude>
    <ClInclude Include="..\Classes\Lighting\LightController.h">
      <Filter>src</Filter>
    </ClInclude>
    <ClInclude Include="..\Classes\Lighting\LightModel.h">
      <Filter>src</Filter>
    </ClInclude>
    <ClInclude Include="..\Classes\Lighting\RemoveLightEvent.h">
      <Filter>src</Filter>
    </ClInclude>
    <ClInclude Include="..\Classes\Network\DrudgeNet\include\Address.h">
      <Filter>src</Filter>
    </ClInclude>
    <ClInclude Include="..\Classes\Network\DrudgeNet\include\Beacon.h">
      <Filter>src</Filter>
    </ClInclude>
    <ClInclude Include="..\Classes\Network\DrudgeNet\include\BitPacker.h">
      <Filter>src</Filter>
    </ClInclude>
    <ClInclude Include="..\Classes\Network\DrudgeNet\include\Channel.h">
      <Filter>src</Filter>
    </ClInclude>
    <ClInclude Include="..\Classes\Network\DrudgeNet\include\ChannelReliable.h">
      <Filter>src</Filter>
    </ClInclude>
    <ClInclude Include="..\Classes\Network\DrudgeNet\include\ChannelUnreliable.h">
      <Filter>src</Filter>
    </ClInclude>
    <ClInclude Include="..\Classes\Network\DrudgeNet\include\Connection.h">
      <Filter>src</Filter>
    </ClInclude>
    <ClInclude Include="..\Classes\Network\DrudgeNet\include\CRC32.h">
      <Filter>src</Filter>
    </ClInclude>
    <ClInclude Include="..\Classes\Network\DrudgeNet\include\DataConstants.h">
      <Filter>src</Filter>
    </ClInclude>
    <ClInclude Include="..\Classes\Network\DrudgeNet\include\DataTypes.h">
      <Filter>src</Filter>
    </ClInclude>
    <ClInclude Include="..\Classes\Network\DrudgeNet\include\DrudgeNet.h">
      <Filter>src</Filter>
    </ClInclude>
    <ClInclude Include="..\Classes\Network\DrudgeNet\include\FlowControl.h">
      <Filter>src</Filter>
    </ClInclude>
    <ClInclude Include="..\Classes\Network\DrudgeNet\include\FragmentBuffer.h">
      <Filter>src</Filter>
    </ClInclude>
    <ClInclude Include="..\Classes\Network\DrudgeNet\include\Listener.h">
      <Filter>src</Filter>
    </ClInclude>
    <ClInclude Include="..\Classes\Network\DrudgeNet\include\MasterServerConnection.h">
      <Filter>src</Filter>
    </ClInclude>
    <ClInclude Include="..\Classes\Network\DrudgeNet\include\MasterServerMessages.h">
      <Filter>src</Filter>
    </ClInclude>
    <ClInclude Include="..\Classes\Network\DrudgeNet\include\MeasureStream.h">
      <Filter>src</Filter>
    </ClInclude>
    <ClInclude Include="..\Classes\Network\DrudgeNet\include\Mesh.h">
      <Filter>src</Filter>
    </ClInclude>
    <ClInclude Include="..\Classes\Network\DrudgeNet\include\Message.h">
      <Filter>src</Filter>
    </ClInclude>
    <ClInclude Include="..\Classes\Network\DrudgeNet\include\MessageFactory.h">
      <Filter>src</Filter>
    </ClInclude>
    <ClInclude Include="..\Classes\Network\DrudgeNet\include\MessageQueue.h">
      <Filter>src</Filter>
    </ClInclude>
    <ClInclude Include="..\Classes\Network\DrudgeNet\include\Node.h">
      <Filter>src</Filter>
    </ClInclude>
    <ClInclude Include="..\Classes\Network\DrudgeNet\include\PacketQueue.h">
      <Filter>src</Filter>
    </ClInclude>
    <ClInclude Include="..\Classes\Network\DrudgeNet\include\ReadStream.h">
      <Filter>src</Filter>
    </ClInclude>
    <ClInclude Include="..\Classes\Network\DrudgeNet\include\ReliabilitySystem.h">
      <Filter>src</Filter>
    </ClInclude>
    <ClInclude Include="..\Classes\Network\DrudgeNet\include\ReliableConnection.h">
      <Filter>src</Filter>
    </ClInclude>
    <ClInclude Include="..\Classes\Network\DrudgeNet\include\Serialization.h">
      <Filter>src</Filter>
    </ClInclude>
    <ClInclude Include="..\Classes\Network\DrudgeNet\include\Socket.h">
      <Filter>src</Filter>
    </ClInclude>
    <ClInclude Include="..\Classes\Network\DrudgeNet\include\SocketPlatform.h">
      <Filter>src</Filter>
    </ClInclude>
    <ClInclude Include="..\Classes\Network\DrudgeNet\include\Stream.h">
      <Filter>src</Filter>
    </ClInclude>
    <ClInclude Include="..\Classes\Network\DrudgeNet\include\Transport.h">
      <Filter>src</Filter>
    </ClInclude>
    <ClInclude Include="..\Classes\Network\DrudgeNet\include\TransportIP.h">
      <Filter>src</Filter>
    </ClInclude>
    <ClInclude Include="..\Classes\Network\DrudgeNet\include\TransportLAN.h">
      <Filter>src</Filter>
    </ClInclude>
    <ClInclude Include="..\Classes\Network\DrudgeNet\include\WriteStream.h">
      <Filter>src</Filter>
    </ClInclude>
    <ClInclude Include="..\Classes\Network\FakeNet.h">
      <Filter>src</Filter>
    </ClInclude>
    <ClInclude Include="..\Classes\Network\FakeNetworkController.h">
      <Filter>src</Filter>
    </ClInclude>
    <ClInclude Include="..\Classes\Network\INetworkController.h">
      <Filter>src</Filter>
    </ClInclude>
    <ClInclude Include="..\Classes\Network\InitNetworkClientCommand.h">
      <Filter>src</Filter>
    </ClInclude>
    <ClInclude Include="..\Classes\Network\InitNetworkHostCommand.h">
      <Filter>src</Filter>
    </ClInclude>
    <ClInclude Include="..\Classes\Network\NetworkChatView.h">
      <Filter>src</Filter>
    </ClInclude>
    <ClInclude Include="..\Classes\Network\NetworkClientHostCell.h">
      <Filter>src</Filter>
    </ClInclude>
    <ClInclude Include="..\Classes\Network\NetworkClientView.h">
      <Filter>src</Filter>
    </ClInclude>
    <ClInclude Include="..\Classes\Network\NetworkClientViewController.h">
      <Filter>src</Filter>
    </ClInclude>
    <ClInclude Include="..\Classes\Network\NetworkConstants.h">
      <Filter>src</Filter>
    </ClInclude>
    <ClInclude Include="..\Classes\Network\NetworkController.h">
      <Filter>src</Filter>
    </ClInclude>
    <ClInclude Include="..\Classes\Network\NetworkHostClientCell.h">
      <Filter>src</Filter>
    </ClInclude>
    <ClInclude Include="..\Classes\Network\NetworkHostGameLevelCell.h">
      <Filter>src</Filter>
    </ClInclude>
    <ClInclude Include="..\Classes\Network\NetworkHostGameModeCell.h">
      <Filter>src</Filter>
    </ClInclude>
    <ClInclude Include="..\Classes\Network\NetworkHostView.h">
      <Filter>src</Filter>
    </ClInclude>
    <ClInclude Include="..\Classes\Network\NetworkHostViewController.h">
      <Filter>src</Filter>
    </ClInclude>
    <ClInclude Include="..\Classes\Network\NetworkMessageFactory.h">
      <Filter>src</Filter>
    </ClInclude>
    <ClInclude Include="..\Classes\Network\NetworkMessages.h">
      <Filter>src</Filter>
    </ClInclude>
    <ClInclude Include="..\Classes\Network\NetworkModel.h">
      <Filter>src</Filter>
    </ClInclude>
    <ClInclude Include="..\Classes\Network\NetworkView.h">
      <Filter>src</Filter>
    </ClInclude>
    <ClInclude Include="..\Classes\Utils\ActionUtils.h">
      <Filter>src</Filter>
    </ClInclude>
    <ClInclude Include="..\Classes\Utils\ButtonUtils.h">
      <Filter>src</Filter>
    </ClInclude>
    <ClInclude Include="..\Classes\Utils\CollisionUtils.h">
      <Filter>src</Filter>
    </ClInclude>
    <ClInclude Include="..\Classes\Utils\FollowNode.h">
      <Filter>src</Filter>
    </ClInclude>
    <ClInclude Include="..\Classes\Utils\GameTableView.h">
      <Filter>src</Filter>
    </ClInclude>
    <ClInclude Include="..\Classes\Utils\NumberFormatter.h">
      <Filter>src</Filter>
    </ClInclude>
    <ClInclude Include="..\Classes\Utils\RaycastUtil.h">
      <Filter>src</Filter>
    </ClInclude>
  </ItemGroup>
  <ItemGroup>
    <ResourceCompile Include="game.rc">
      <Filter>resource</Filter>
    </ResourceCompile>
  </ItemGroup>
</Project>